
Microsoft Visual Studio Solution File, Format Version 12.00
# Visual Studio 2017
Project("{FAE04EC0-301F-11D3-BF4B-00C04F79EFBC}") = "Test iTween.Plugins", "Test iTween.Plugins.csproj", "{0A8C6C1E-F2D3-F8D1-6B25-B787217B9D22}"
EndProject
Project("{FAE04EC0-301F-11D3-BF4B-00C04F79EFBC}") = "Test iTween", "Test iTween.csproj", "{6293ED2C-59C2-7BAF-E464-A87B575CB4A2}"
EndProject
Global
	GlobalSection(SolutionConfigurationPlatforms) = preSolution
		Debug|Any CPU = Debug|Any CPU
		Release|Any CPU = Release|Any CPU
	EndGlobalSection
	GlobalSection(ProjectConfigurationPlatforms) = postSolution
		{0A8C6C1E-F2D3-F8D1-6B25-B787217B9D22}.Debug|Any CPU.ActiveCfg = Debug|Any CPU
		{0A8C6C1E-F2D3-F8D1-6B25-B787217B9D22}.Debug|Any CPU.Build.0 = Debug|Any CPU
		{0A8C6C1E-F2D3-F8D1-6B25-B787217B9D22}.Release|Any CPU.ActiveCfg = Release|Any CPU
		{0A8C6C1E-F2D3-F8D1-6B25-B787217B9D22}.Release|Any CPU.Build.0 = Release|Any CPU
		{6293ED2C-59C2-7BAF-E464-A87B575CB4A2}.Debug|Any CPU.ActiveCfg = Debug|Any CPU
		{6293ED2C-59C2-7BAF-E464-A87B575CB4A2}.Debug|Any CPU.Build.0 = Debug|Any CPU
		{6293ED2C-59C2-7BAF-E464-A87B575CB4A2}.Release|Any CPU.ActiveCfg = Release|Any CPU
		{6293ED2C-59C2-7BAF-E464-A87B575CB4A2}.Release|Any CPU.Build.0 = Release|Any CPU
	EndGlobalSection
	GlobalSection(SolutionProperties) = preSolution
		HideSolutionNode = FALSE
	EndGlobalSection
EndGlobal
